{
  "version": 4,
  "terraform_version": "1.6.1",
  "serial": 49,
  "lineage": "2a54298a-245f-c092-7743-65ee4fe7dcab",
  "outputs": {},
  "resources": [
    {
      "mode": "managed",
      "type": "github_branch",
      "name": "another_branch",
      "provider": "provider[\"registry.terraform.io/integrations/github\"]",
      "instances": [
        {
          "schema_version": 0,
          "attributes": {
            "branch": "another_branch",
            "etag": "W/\"fbd9136543888ce4623fec81c07fe5235a439471cade7ded6f270dc5b9afe0ab\"",
            "id": "my_first_terraform_repo:another_branch",
            "ref": "refs/heads/another_branch",
            "repository": "my_first_terraform_repo",
            "sha": "5f5cb4170f1f3ed1483caede1a34a9f442f89d09",
            "source_branch": "main",
            "source_sha": "5f5cb4170f1f3ed1483caede1a34a9f442f89d09"
          },
          "sensitive_attributes": [],
          "private": "bnVsbA==",
          "dependencies": [
            "github_repository.my_first_terraform_repo"
          ]
        }
      ]
    },
    {
      "mode": "managed",
      "type": "github_branch",
      "name": "development",
      "provider": "provider[\"registry.terraform.io/integrations/github\"]",
      "instances": [
        {
          "schema_version": 0,
          "attributes": {
            "branch": "development",
            "etag": "W/\"c1e651c9c29d6d2d4c1effec278568d3618b8d0f8aebe9b7b2fd0e6a184a415d\"",
            "id": "my_first_terraform_repo:development",
            "ref": "refs/heads/development",
            "repository": "my_first_terraform_repo",
            "sha": "5f5cb4170f1f3ed1483caede1a34a9f442f89d09",
            "source_branch": "main",
            "source_sha": "5f5cb4170f1f3ed1483caede1a34a9f442f89d09"
          },
          "sensitive_attributes": [],
          "private": "bnVsbA==",
          "dependencies": [
            "github_repository.my_first_terraform_repo"
          ]
        }
      ]
    },
    {
      "mode": "managed",
      "type": "github_branch",
      "name": "testing",
      "provider": "provider[\"registry.terraform.io/integrations/github\"]",
      "instances": [
        {
          "schema_version": 0,
          "attributes": {
            "branch": "testing",
            "etag": "W/\"003ecc62be326fd435be56f6fc835c6eaffe5fb6d7ef8afe345ed16c7fbdc31f\"",
            "id": "my_first_terraform_repo:testing",
            "ref": "refs/heads/testing",
            "repository": "my_first_terraform_repo",
            "sha": "5f5cb4170f1f3ed1483caede1a34a9f442f89d09",
            "source_branch": "main",
            "source_sha": "5f5cb4170f1f3ed1483caede1a34a9f442f89d09"
          },
          "sensitive_attributes": [],
          "private": "bnVsbA==",
          "dependencies": [
            "github_repository.my_first_terraform_repo"
          ]
        }
      ]
    },
    {
      "mode": "managed",
      "type": "github_repository",
      "name": "my_first_terraform_repo",
      "provider": "provider[\"registry.terraform.io/integrations/github\"]",
      "instances": [
        {
          "schema_version": 1,
          "attributes": {
            "allow_auto_merge": false,
            "allow_merge_commit": true,
            "allow_rebase_merge": true,
            "allow_squash_merge": true,
            "allow_update_branch": false,
            "archive_on_destroy": null,
            "archived": false,
            "auto_init": true,
            "default_branch": "main",
            "delete_branch_on_merge": false,
            "description": "My awesome codebase",
            "etag": "W/\"7ba800faa529cc91e1b9a92043656461e67a099f8f3f5dcf8a2ee113b157863b\"",
            "full_name": "dasilvaca/my_first_terraform_repo",
            "git_clone_url": "git://github.com/dasilvaca/my_first_terraform_repo.git",
            "gitignore_template": null,
            "has_discussions": false,
            "has_downloads": false,
            "has_issues": false,
            "has_projects": false,
            "has_wiki": false,
            "homepage_url": "",
            "html_url": "https://github.com/dasilvaca/my_first_terraform_repo",
            "http_clone_url": "https://github.com/dasilvaca/my_first_terraform_repo.git",
            "id": "my_first_terraform_repo",
            "ignore_vulnerability_alerts_during_read": null,
            "is_template": false,
            "license_template": null,
            "merge_commit_message": "PR_TITLE",
            "merge_commit_title": "MERGE_MESSAGE",
            "name": "my_first_terraform_repo",
            "node_id": "R_kgDOKfFPYg",
            "pages": [],
            "primary_language": "",
            "private": false,
            "repo_id": 703680354,
            "security_and_analysis": [
              {
                "advanced_security": [],
                "secret_scanning": [
                  {
                    "status": "disabled"
                  }
                ],
                "secret_scanning_push_protection": [
                  {
                    "status": "disabled"
                  }
                ]
              }
            ],
            "squash_merge_commit_message": "COMMIT_MESSAGES",
            "squash_merge_commit_title": "COMMIT_OR_PR_TITLE",
            "ssh_clone_url": "git@github.com:dasilvaca/my_first_terraform_repo.git",
            "svn_url": "https://github.com/dasilvaca/my_first_terraform_repo",
            "template": [],
            "topics": [],
            "visibility": "public",
            "vulnerability_alerts": false
          },
          "sensitive_attributes": [],
          "private": "eyJzY2hlbWFfdmVyc2lvbiI6IjEifQ=="
        }
      ]
    }
  ],
  "check_results": null
}
