{
  "version": 4,
  "terraform_version": "1.6.1",
  "serial": 54,
  "lineage": "2a54298a-245f-c092-7743-65ee4fe7dcab",
  "outputs": {},
  "resources": [
    {
      "mode": "managed",
      "type": "github_branch",
      "name": "another_branch",
      "provider": "provider[\"registry.terraform.io/integrations/github\"]",
      "instances": [
        {
          "schema_version": 0,
          "attributes": {
            "branch": "another_branch",
            "etag": "W/\"b84d9eebb15339fb312ad84c244717b07cd6eee9d6f6d5b26832db6861a2991a\"",
            "id": "my_first_terraform_repo:another_branch",
            "ref": "refs/heads/another_branch",
            "repository": "my_first_terraform_repo",
            "sha": "78019c9b4ccffb4262b698d2ff8c80390811dd81",
            "source_branch": "main",
            "source_sha": "78019c9b4ccffb4262b698d2ff8c80390811dd81"
          },
          "sensitive_attributes": [],
          "private": "bnVsbA==",
          "dependencies": [
            "github_repository.my_first_terraform_repo"
          ]
        }
      ]
    },
    {
      "mode": "managed",
      "type": "github_branch",
      "name": "development",
      "provider": "provider[\"registry.terraform.io/integrations/github\"]",
      "instances": [
        {
          "schema_version": 0,
          "attributes": {
            "branch": "development",
            "etag": "W/\"74c4d24828240c01633dcfff920e70c31ef5efd1b49dac4fa9147e79f9345bbe\"",
            "id": "my_first_terraform_repo:development",
            "ref": "refs/heads/development",
            "repository": "my_first_terraform_repo",
            "sha": "78019c9b4ccffb4262b698d2ff8c80390811dd81",
            "source_branch": "main",
            "source_sha": "78019c9b4ccffb4262b698d2ff8c80390811dd81"
          },
          "sensitive_attributes": [],
          "private": "bnVsbA==",
          "dependencies": [
            "github_repository.my_first_terraform_repo"
          ]
        }
      ]
    },
    {
      "mode": "managed",
      "type": "github_branch",
      "name": "testing",
      "provider": "provider[\"registry.terraform.io/integrations/github\"]",
      "instances": [
        {
          "schema_version": 0,
          "attributes": {
            "branch": "testing",
            "etag": "W/\"c81f7d7865054aba88952287b280b8748b3718cdfdd65d46181e143100857db2\"",
            "id": "my_first_terraform_repo:testing",
            "ref": "refs/heads/testing",
            "repository": "my_first_terraform_repo",
            "sha": "78019c9b4ccffb4262b698d2ff8c80390811dd81",
            "source_branch": "main",
            "source_sha": "78019c9b4ccffb4262b698d2ff8c80390811dd81"
          },
          "sensitive_attributes": [],
          "private": "bnVsbA==",
          "dependencies": [
            "github_repository.my_first_terraform_repo"
          ]
        }
      ]
    },
    {
      "mode": "managed",
      "type": "github_repository",
      "name": "my_first_terraform_repo",
      "provider": "provider[\"registry.terraform.io/integrations/github\"]",
      "instances": [
        {
          "schema_version": 1,
          "attributes": {
            "allow_auto_merge": false,
            "allow_merge_commit": true,
            "allow_rebase_merge": true,
            "allow_squash_merge": true,
            "allow_update_branch": false,
            "archive_on_destroy": null,
            "archived": false,
            "auto_init": true,
            "default_branch": "main",
            "delete_branch_on_merge": false,
            "description": "My awesome codebase",
            "etag": "W/\"b271b0a93585f9a0dcad5a75d86ace03672a7d4cdce55ec725d4911c53433a9f\"",
            "full_name": "dasilvaca/my_first_terraform_repo",
            "git_clone_url": "git://github.com/dasilvaca/my_first_terraform_repo.git",
            "gitignore_template": null,
            "has_discussions": false,
            "has_downloads": false,
            "has_issues": false,
            "has_projects": false,
            "has_wiki": false,
            "homepage_url": "",
            "html_url": "https://github.com/dasilvaca/my_first_terraform_repo",
            "http_clone_url": "https://github.com/dasilvaca/my_first_terraform_repo.git",
            "id": "my_first_terraform_repo",
            "ignore_vulnerability_alerts_during_read": null,
            "is_template": false,
            "license_template": null,
            "merge_commit_message": "PR_TITLE",
            "merge_commit_title": "MERGE_MESSAGE",
            "name": "my_first_terraform_repo",
            "node_id": "R_kgDOKfFq9A",
            "pages": [],
            "primary_language": "",
            "private": false,
            "repo_id": 703687412,
            "security_and_analysis": [
              {
                "advanced_security": [],
                "secret_scanning": [
                  {
                    "status": "disabled"
                  }
                ],
                "secret_scanning_push_protection": [
                  {
                    "status": "disabled"
                  }
                ]
              }
            ],
            "squash_merge_commit_message": "COMMIT_MESSAGES",
            "squash_merge_commit_title": "COMMIT_OR_PR_TITLE",
            "ssh_clone_url": "git@github.com:dasilvaca/my_first_terraform_repo.git",
            "svn_url": "https://github.com/dasilvaca/my_first_terraform_repo",
            "template": [],
            "topics": [],
            "visibility": "public",
            "vulnerability_alerts": false
          },
          "sensitive_attributes": [],
          "private": "eyJzY2hlbWFfdmVyc2lvbiI6IjEifQ=="
        }
      ]
    }
  ],
  "check_results": null
}
